# THIS IS AN AUTOGENERATED FILE. DO NOT EDIT THIS FILE DIRECTLY.
# yarn lockfile v1


bindings@^1.5.0:
  version "1.5.0"
  resolved "https://registry.npmmirror.com/bindings/-/bindings-1.5.0.tgz#10353c9e945334bc0511a6d90b38fbc7c9c504df"
  integrity sha512-p2q/t/mhvuOj/UeLlV6566GD/guowlr0hHxClI0W9m7MWYkL1F0hLo+0Aexs9HSPCtR1SXQ0TD3MMKrXZajbiQ==
  dependencies:
    file-uri-to-path "1.0.0"

file-uri-to-path@1.0.0:
  version "1.0.0"
  resolved "https://registry.npmmirror.com/file-uri-to-path/-/file-uri-to-path-1.0.0.tgz#553a7b8446ff6f684359c445f1e37a05dacc33dd"
  integrity sha512-0Zt+s3L7Vf1biwWZ29aARiVYLx7iMGnEUl9x33fbB/j3jR81u/O2LbqK+Bm1CDSNDKVtJ/YjwY7TUd5SkeLQLw==

node-addon-api@^4.2.0:
  version "4.3.0"
  resolved "https://registry.npmmirror.com/node-addon-api/-/node-addon-api-4.3.0.tgz#52a1a0b475193e0928e98e0426a0d1254782b77f"
  integrity sha512-73sE9+3UaLYYFmDsFZnqCInzPyh3MqIwZO9cw58yIqAZhONrrabrYyYe3TuIqtIiOuTXVhsGau8hcrhhwSsDIQ==

win-func-tools@^1.0.4:
  version "1.0.4"
  resolved "https://registry.npmmirror.com/win-func-tools/-/win-func-tools-1.0.4.tgz#3d69cf7570c88218f53d5654e938b6f60366534a"
  integrity sha512-JfSo4yaEL+bedFP6sxn85Lle723kehYwrnSfoO2s1Tu+G8WxvS9kKZ9BhQKeJ+2+nxkmOWtwmZR/NHVaPq1tTw==
  dependencies:
    bindings "^1.5.0"
    node-addon-api "^4.2.0"
